
Microsoft Visual Studio Solution File, Format Version 12.00
# Visual Studio Version 17
VisualStudioVersion = 17.3.32901.215
MinimumVisualStudioVersion = 10.0.40219.1
Project("{8BC9CEB8-8B4A-11D0-8D11-00A0C91BC942}") = "Output numbers in reverse", "Output numbers in reverse\Output numbers in reverse.vcxproj", "{DD3531CD-291E-4503-91B5-192485EAB6EA}"
EndProject
Global
	GlobalSection(SolutionConfigurationPlatforms) = preSolution
		Debug|x64 = Debug|x64
		Debug|x86 = Debug|x86
		Release|x64 = Release|x64
		Release|x86 = Release|x86
	EndGlobalSection
	GlobalSection(ProjectConfigurationPlatforms) = postSolution
		{DD3531CD-291E-4503-91B5-192485EAB6EA}.Debug|x64.ActiveCfg = Debug|x64
		{DD3531CD-291E-4503-91B5-192485EAB6EA}.Debug|x64.Build.0 = Debug|x64
		{DD3531CD-291E-4503-91B5-192485EAB6EA}.Debug|x86.ActiveCfg = Debug|Win32
		{DD3531CD-291E-4503-91B5-192485EAB6EA}.Debug|x86.Build.0 = Debug|Win32
		{DD3531CD-291E-4503-91B5-192485EAB6EA}.Release|x64.ActiveCfg = Release|x64
		{DD3531CD-291E-4503-91B5-192485EAB6EA}.Release|x64.Build.0 = Release|x64
		{DD3531CD-291E-4503-91B5-192485EAB6EA}.Release|x86.ActiveCfg = Release|Win32
		{DD3531CD-291E-4503-91B5-192485EAB6EA}.Release|x86.Build.0 = Release|Win32
	EndGlobalSection
	GlobalSection(SolutionProperties) = preSolution
		HideSolutionNode = FALSE
	EndGlobalSection
	GlobalSection(ExtensibilityGlobals) = postSolution
		SolutionGuid = {8E17001D-A651-4B73-B1D9-6C279FFE9B77}
	EndGlobalSection
EndGlobal
