
Microsoft Visual Studio Solution File, Format Version 12.00
# Visual Studio Version 17
VisualStudioVersion = 17.3.32825.248
MinimumVisualStudioVersion = 10.0.40219.1
Project("{8BC9CEB8-8B4A-11D0-8D11-00A0C91BC942}") = "Drawing a right triangle", "Drawing a right triangle\Drawing a right triangle.vcxproj", "{6B38ADF9-13E8-4FED-B6DD-1A66C01132E1}"
EndProject
Global
	GlobalSection(SolutionConfigurationPlatforms) = preSolution
		Debug|x64 = Debug|x64
		Debug|x86 = Debug|x86
		Release|x64 = Release|x64
		Release|x86 = Release|x86
	EndGlobalSection
	GlobalSection(ProjectConfigurationPlatforms) = postSolution
		{6B38ADF9-13E8-4FED-B6DD-1A66C01132E1}.Debug|x64.ActiveCfg = Debug|x64
		{6B38ADF9-13E8-4FED-B6DD-1A66C01132E1}.Debug|x64.Build.0 = Debug|x64
		{6B38ADF9-13E8-4FED-B6DD-1A66C01132E1}.Debug|x86.ActiveCfg = Debug|Win32
		{6B38ADF9-13E8-4FED-B6DD-1A66C01132E1}.Debug|x86.Build.0 = Debug|Win32
		{6B38ADF9-13E8-4FED-B6DD-1A66C01132E1}.Release|x64.ActiveCfg = Release|x64
		{6B38ADF9-13E8-4FED-B6DD-1A66C01132E1}.Release|x64.Build.0 = Release|x64
		{6B38ADF9-13E8-4FED-B6DD-1A66C01132E1}.Release|x86.ActiveCfg = Release|Win32
		{6B38ADF9-13E8-4FED-B6DD-1A66C01132E1}.Release|x86.Build.0 = Release|Win32
	EndGlobalSection
	GlobalSection(SolutionProperties) = preSolution
		HideSolutionNode = FALSE
	EndGlobalSection
	GlobalSection(ExtensibilityGlobals) = postSolution
		SolutionGuid = {55CFB7B5-3183-4A5F-B943-52663B088795}
	EndGlobalSection
EndGlobal
