
Microsoft Visual Studio Solution File, Format Version 12.00
# Visual Studio Version 17
VisualStudioVersion = 17.3.32901.215
MinimumVisualStudioVersion = 10.0.40219.1
Project("{8BC9CEB8-8B4A-11D0-8D11-00A0C91BC942}") = "finds the max item", "finds the max item\finds the max item.vcxproj", "{25E0DC9E-8C51-477C-8FC2-9876223F8BC6}"
EndProject
Global
	GlobalSection(SolutionConfigurationPlatforms) = preSolution
		Debug|x64 = Debug|x64
		Debug|x86 = Debug|x86
		Release|x64 = Release|x64
		Release|x86 = Release|x86
	EndGlobalSection
	GlobalSection(ProjectConfigurationPlatforms) = postSolution
		{25E0DC9E-8C51-477C-8FC2-9876223F8BC6}.Debug|x64.ActiveCfg = Debug|x64
		{25E0DC9E-8C51-477C-8FC2-9876223F8BC6}.Debug|x64.Build.0 = Debug|x64
		{25E0DC9E-8C51-477C-8FC2-9876223F8BC6}.Debug|x86.ActiveCfg = Debug|Win32
		{25E0DC9E-8C51-477C-8FC2-9876223F8BC6}.Debug|x86.Build.0 = Debug|Win32
		{25E0DC9E-8C51-477C-8FC2-9876223F8BC6}.Release|x64.ActiveCfg = Release|x64
		{25E0DC9E-8C51-477C-8FC2-9876223F8BC6}.Release|x64.Build.0 = Release|x64
		{25E0DC9E-8C51-477C-8FC2-9876223F8BC6}.Release|x86.ActiveCfg = Release|Win32
		{25E0DC9E-8C51-477C-8FC2-9876223F8BC6}.Release|x86.Build.0 = Release|Win32
	EndGlobalSection
	GlobalSection(SolutionProperties) = preSolution
		HideSolutionNode = FALSE
	EndGlobalSection
	GlobalSection(ExtensibilityGlobals) = postSolution
		SolutionGuid = {A089A095-60B2-42E0-8B67-0D8CDFBFC3AB}
	EndGlobalSection
EndGlobal
