
Microsoft Visual Studio Solution File, Format Version 12.00
# Visual Studio Version 17
VisualStudioVersion = 17.3.32901.215
MinimumVisualStudioVersion = 10.0.40219.1
Project("{8BC9CEB8-8B4A-11D0-8D11-00A0C91BC942}") = "Two smallest numbers", "Two smallest numbers\Two smallest numbers.vcxproj", "{46472B62-26F6-4699-BED3-BA382F53E54F}"
EndProject
Global
	GlobalSection(SolutionConfigurationPlatforms) = preSolution
		Debug|x64 = Debug|x64
		Debug|x86 = Debug|x86
		Release|x64 = Release|x64
		Release|x86 = Release|x86
	EndGlobalSection
	GlobalSection(ProjectConfigurationPlatforms) = postSolution
		{46472B62-26F6-4699-BED3-BA382F53E54F}.Debug|x64.ActiveCfg = Debug|x64
		{46472B62-26F6-4699-BED3-BA382F53E54F}.Debug|x64.Build.0 = Debug|x64
		{46472B62-26F6-4699-BED3-BA382F53E54F}.Debug|x86.ActiveCfg = Debug|Win32
		{46472B62-26F6-4699-BED3-BA382F53E54F}.Debug|x86.Build.0 = Debug|Win32
		{46472B62-26F6-4699-BED3-BA382F53E54F}.Release|x64.ActiveCfg = Release|x64
		{46472B62-26F6-4699-BED3-BA382F53E54F}.Release|x64.Build.0 = Release|x64
		{46472B62-26F6-4699-BED3-BA382F53E54F}.Release|x86.ActiveCfg = Release|Win32
		{46472B62-26F6-4699-BED3-BA382F53E54F}.Release|x86.Build.0 = Release|Win32
	EndGlobalSection
	GlobalSection(SolutionProperties) = preSolution
		HideSolutionNode = FALSE
	EndGlobalSection
	GlobalSection(ExtensibilityGlobals) = postSolution
		SolutionGuid = {E740DE8B-C655-4A1B-9A32-1E25082E3D12}
	EndGlobalSection
EndGlobal
