
Microsoft Visual Studio Solution File, Format Version 12.00
# Visual Studio Version 17
VisualStudioVersion = 17.3.32819.101
MinimumVisualStudioVersion = 10.0.40219.1
Project("{8BC9CEB8-8B4A-11D0-8D11-00A0C91BC942}") = "Writing an if-else statement", "Writing an if-else statement\Writing an if-else statement.vcxproj", "{6042113A-E315-42D7-89AD-A2FAAD2E7FD3}"
EndProject
Global
	GlobalSection(SolutionConfigurationPlatforms) = preSolution
		Debug|x64 = Debug|x64
		Debug|x86 = Debug|x86
		Release|x64 = Release|x64
		Release|x86 = Release|x86
	EndGlobalSection
	GlobalSection(ProjectConfigurationPlatforms) = postSolution
		{6042113A-E315-42D7-89AD-A2FAAD2E7FD3}.Debug|x64.ActiveCfg = Debug|x64
		{6042113A-E315-42D7-89AD-A2FAAD2E7FD3}.Debug|x64.Build.0 = Debug|x64
		{6042113A-E315-42D7-89AD-A2FAAD2E7FD3}.Debug|x86.ActiveCfg = Debug|Win32
		{6042113A-E315-42D7-89AD-A2FAAD2E7FD3}.Debug|x86.Build.0 = Debug|Win32
		{6042113A-E315-42D7-89AD-A2FAAD2E7FD3}.Release|x64.ActiveCfg = Release|x64
		{6042113A-E315-42D7-89AD-A2FAAD2E7FD3}.Release|x64.Build.0 = Release|x64
		{6042113A-E315-42D7-89AD-A2FAAD2E7FD3}.Release|x86.ActiveCfg = Release|Win32
		{6042113A-E315-42D7-89AD-A2FAAD2E7FD3}.Release|x86.Build.0 = Release|Win32
	EndGlobalSection
	GlobalSection(SolutionProperties) = preSolution
		HideSolutionNode = FALSE
	EndGlobalSection
	GlobalSection(ExtensibilityGlobals) = postSolution
		SolutionGuid = {575C9D4C-F3DE-4820-86BD-133B07F9A9CD}
	EndGlobalSection
EndGlobal
